
Microsoft Visual Studio Solution File, Format Version 12.00
# Visual Studio Version 16
VisualStudioVersion = 16.0.29424.173
MinimumVisualStudioVersion = 10.0.40219.1
Project("{FAE04EC0-301F-11D3-BF4B-00C04F79EFBC}") = "Demo01_PhotoUploader", "Demo01_PhotoUploader\Demo01_PhotoUploader.csproj", "{DEAC67D1-CC2A-41DF-8DFA-A739AB260E1C}"
EndProject
Global
	GlobalSection(SolutionConfigurationPlatforms) = preSolution
		Debug|Any CPU = Debug|Any CPU
		Release|Any CPU = Release|Any CPU
	EndGlobalSection
	GlobalSection(ProjectConfigurationPlatforms) = postSolution
		{DEAC67D1-CC2A-41DF-8DFA-A739AB260E1C}.Debug|Any CPU.ActiveCfg = Debug|Any CPU
		{DEAC67D1-CC2A-41DF-8DFA-A739AB260E1C}.Debug|Any CPU.Build.0 = Debug|Any CPU
		{DEAC67D1-CC2A-41DF-8DFA-A739AB260E1C}.Release|Any CPU.ActiveCfg = Release|Any CPU
		{DEAC67D1-CC2A-41DF-8DFA-A739AB260E1C}.Release|Any CPU.Build.0 = Release|Any CPU
	EndGlobalSection
	GlobalSection(SolutionProperties) = preSolution
		HideSolutionNode = FALSE
	EndGlobalSection
	GlobalSection(ExtensibilityGlobals) = postSolution
		SolutionGuid = {3F082649-E23D-4B4A-807B-97C9BFD0BA54}
	EndGlobalSection
EndGlobal
